
Microsoft Visual Studio Solution File, Format Version 12.00
# Visual Studio Version 16
VisualStudioVersion = 16.0.29709.97
MinimumVisualStudioVersion = 10.0.40219.1
Project("{FAE04EC0-301F-11D3-BF4B-00C04F79EFBC}") = "SignalR-Introduction", "SignalR-Introduction.csproj", "{24323C7E-2CFB-4A16-83F3-36A53C240BD7}"
EndProject
Global
	GlobalSection(SolutionConfigurationPlatforms) = preSolution
		Debug|Any CPU = Debug|Any CPU
		Release|Any CPU = Release|Any CPU
	EndGlobalSection
	GlobalSection(ProjectConfigurationPlatforms) = postSolution
		{24323C7E-2CFB-4A16-83F3-36A53C240BD7}.Debug|Any CPU.ActiveCfg = Debug|Any CPU
		{24323C7E-2CFB-4A16-83F3-36A53C240BD7}.Debug|Any CPU.Build.0 = Debug|Any CPU
		{24323C7E-2CFB-4A16-83F3-36A53C240BD7}.Release|Any CPU.ActiveCfg = Release|Any CPU
		{24323C7E-2CFB-4A16-83F3-36A53C240BD7}.Release|Any CPU.Build.0 = Release|Any CPU
	EndGlobalSection
	GlobalSection(SolutionProperties) = preSolution
		HideSolutionNode = FALSE
	EndGlobalSection
	GlobalSection(ExtensibilityGlobals) = postSolution
		SolutionGuid = {B544E029-116C-47CB-B5F0-5170151DD8D6}
	EndGlobalSection
EndGlobal
